
Microsoft Visual Studio Solution File, Format Version 12.00
# Visual Studio 15
VisualStudioVersion = 15.0.28307.852
MinimumVisualStudioVersion = 10.0.40219.1
Project("{FAE04EC0-301F-11D3-BF4B-00C04F79EFBC}") = "Lands.Android", "Lands\Lands.Android\Lands.Android.csproj", "{4E8E2A61-247C-47BA-A814-D43D9EB8A03D}"
EndProject
Project("{FAE04EC0-301F-11D3-BF4B-00C04F79EFBC}") = "Lands.iOS", "Lands\Lands.iOS\Lands.iOS.csproj", "{ED0F5345-4602-4A98-8329-B1D7DD750D1C}"
EndProject
Project("{FAE04EC0-301F-11D3-BF4B-00C04F79EFBC}") = "Lands", "Lands\Lands\Lands.csproj", "{DE882D9F-6639-42B1-A8A1-02221640984D}"
EndProject
Global
	GlobalSection(SolutionConfigurationPlatforms) = preSolution
		Ad-Hoc|Any CPU = Ad-Hoc|Any CPU
		Ad-Hoc|iPhone = Ad-Hoc|iPhone
		Ad-Hoc|iPhoneSimulator = Ad-Hoc|iPhoneSimulator
		AppStore|Any CPU = AppStore|Any CPU
		AppStore|iPhone = AppStore|iPhone
		AppStore|iPhoneSimulator = AppStore|iPhoneSimulator
		Debug|Any CPU = Debug|Any CPU
		Debug|iPhone = Debug|iPhone
		Debug|iPhoneSimulator = Debug|iPhoneSimulator
		Release|Any CPU = Release|Any CPU
		Release|iPhone = Release|iPhone
		Release|iPhoneSimulator = Release|iPhoneSimulator
	EndGlobalSection
	GlobalSection(ProjectConfigurationPlatforms) = postSolution
		{4E8E2A61-247C-47BA-A814-D43D9EB8A03D}.Ad-Hoc|Any CPU.ActiveCfg = Release|Any CPU
		{4E8E2A61-247C-47BA-A814-D43D9EB8A03D}.Ad-Hoc|Any CPU.Build.0 = Release|Any CPU
		{4E8E2A61-247C-47BA-A814-D43D9EB8A03D}.Ad-Hoc|Any CPU.Deploy.0 = Release|Any CPU
		{4E8E2A61-247C-47BA-A814-D43D9EB8A03D}.Ad-Hoc|iPhone.ActiveCfg = Release|Any CPU
		{4E8E2A61-247C-47BA-A814-D43D9EB8A03D}.Ad-Hoc|iPhone.Build.0 = Release|Any CPU
		{4E8E2A61-247C-47BA-A814-D43D9EB8A03D}.Ad-Hoc|iPhone.Deploy.0 = Release|Any CPU
		{4E8E2A61-247C-47BA-A814-D43D9EB8A03D}.Ad-Hoc|iPhoneSimulator.ActiveCfg = Release|Any CPU
		{4E8E2A61-247C-47BA-A814-D43D9EB8A03D}.Ad-Hoc|iPhoneSimulator.Build.0 = Release|Any CPU
		{4E8E2A61-247C-47BA-A814-D43D9EB8A03D}.Ad-Hoc|iPhoneSimulator.Deploy.0 = Release|Any CPU
		{4E8E2A61-247C-47BA-A814-D43D9EB8A03D}.AppStore|Any CPU.ActiveCfg = Release|Any CPU
		{4E8E2A61-247C-47BA-A814-D43D9EB8A03D}.AppStore|Any CPU.Build.0 = Release|Any CPU
		{4E8E2A61-247C-47BA-A814-D43D9EB8A03D}.AppStore|Any CPU.Deploy.0 = Release|Any CPU
		{4E8E2A61-247C-47BA-A814-D43D9EB8A03D}.AppStore|iPhone.ActiveCfg = Release|Any CPU
		{4E8E2A61-247C-47BA-A814-D43D9EB8A03D}.AppStore|iPhone.Build.0 = Release|Any CPU
		{4E8E2A61-247C-47BA-A814-D43D9EB8A03D}.AppStore|iPhone.Deploy.0 = Release|Any CPU
		{4E8E2A61-247C-47BA-A814-D43D9EB8A03D}.AppStore|iPhoneSimulator.ActiveCfg = Release|Any CPU
		{4E8E2A61-247C-47BA-A814-D43D9EB8A03D}.AppStore|iPhoneSimulator.Build.0 = Release|Any CPU
		{4E8E2A61-247C-47BA-A814-D43D9EB8A03D}.AppStore|iPhoneSimulator.Deploy.0 = Release|Any CPU
		{4E8E2A61-247C-47BA-A814-D43D9EB8A03D}.Debug|Any CPU.ActiveCfg = Debug|Any CPU
		{4E8E2A61-247C-47BA-A814-D43D9EB8A03D}.Debug|Any CPU.Build.0 = Debug|Any CPU
		{4E8E2A61-247C-47BA-A814-D43D9EB8A03D}.Debug|Any CPU.Deploy.0 = Debug|Any CPU
		{4E8E2A61-247C-47BA-A814-D43D9EB8A03D}.Debug|iPhone.ActiveCfg = Debug|Any CPU
		{4E8E2A61-247C-47BA-A814-D43D9EB8A03D}.Debug|iPhone.Build.0 = Debug|Any CPU
		{4E8E2A61-247C-47BA-A814-D43D9EB8A03D}.Debug|iPhone.Deploy.0 = Debug|Any CPU
		{4E8E2A61-247C-47BA-A814-D43D9EB8A03D}.Debug|iPhoneSimulator.ActiveCfg = Debug|Any CPU
		{4E8E2A61-247C-47BA-A814-D43D9EB8A03D}.Debug|iPhoneSimulator.Build.0 = Debug|Any CPU
		{4E8E2A61-247C-47BA-A814-D43D9EB8A03D}.Debug|iPhoneSimulator.Deploy.0 = Debug|Any CPU
		{4E8E2A61-247C-47BA-A814-D43D9EB8A03D}.Release|Any CPU.ActiveCfg = Release|Any CPU
		{4E8E2A61-247C-47BA-A814-D43D9EB8A03D}.Release|Any CPU.Build.0 = Release|Any CPU
		{4E8E2A61-247C-47BA-A814-D43D9EB8A03D}.Release|Any CPU.Deploy.0 = Release|Any CPU
		{4E8E2A61-247C-47BA-A814-D43D9EB8A03D}.Release|iPhone.ActiveCfg = Release|Any CPU
		{4E8E2A61-247C-47BA-A814-D43D9EB8A03D}.Release|iPhone.Build.0 = Release|Any CPU
		{4E8E2A61-247C-47BA-A814-D43D9EB8A03D}.Release|iPhone.Deploy.0 = Release|Any CPU
		{4E8E2A61-247C-47BA-A814-D43D9EB8A03D}.Release|iPhoneSimulator.ActiveCfg = Release|Any CPU
		{4E8E2A61-247C-47BA-A814-D43D9EB8A03D}.Release|iPhoneSimulator.Build.0 = Release|Any CPU
		{4E8E2A61-247C-47BA-A814-D43D9EB8A03D}.Release|iPhoneSimulator.Deploy.0 = Release|Any CPU
		{ED0F5345-4602-4A98-8329-B1D7DD750D1C}.Ad-Hoc|Any CPU.ActiveCfg = Ad-Hoc|iPhone
		{ED0F5345-4602-4A98-8329-B1D7DD750D1C}.Ad-Hoc|Any CPU.Build.0 = Ad-Hoc|iPhone
		{ED0F5345-4602-4A98-8329-B1D7DD750D1C}.Ad-Hoc|Any CPU.Deploy.0 = Ad-Hoc|iPhone
		{ED0F5345-4602-4A98-8329-B1D7DD750D1C}.Ad-Hoc|iPhone.ActiveCfg = Ad-Hoc|iPhone
		{ED0F5345-4602-4A98-8329-B1D7DD750D1C}.Ad-Hoc|iPhone.Build.0 = Ad-Hoc|iPhone
		{ED0F5345-4602-4A98-8329-B1D7DD750D1C}.Ad-Hoc|iPhone.Deploy.0 = Ad-Hoc|iPhone
		{ED0F5345-4602-4A98-8329-B1D7DD750D1C}.Ad-Hoc|iPhoneSimulator.ActiveCfg = Ad-Hoc|iPhoneSimulator
		{ED0F5345-4602-4A98-8329-B1D7DD750D1C}.Ad-Hoc|iPhoneSimulator.Build.0 = Ad-Hoc|iPhoneSimulator
		{ED0F5345-4602-4A98-8329-B1D7DD750D1C}.Ad-Hoc|iPhoneSimulator.Deploy.0 = Ad-Hoc|iPhoneSimulator
		{ED0F5345-4602-4A98-8329-B1D7DD750D1C}.AppStore|Any CPU.ActiveCfg = AppStore|iPhone
		{ED0F5345-4602-4A98-8329-B1D7DD750D1C}.AppStore|Any CPU.Build.0 = AppStore|iPhone
		{ED0F5345-4602-4A98-8329-B1D7DD750D1C}.AppStore|Any CPU.Deploy.0 = AppStore|iPhone
		{ED0F5345-4602-4A98-8329-B1D7DD750D1C}.AppStore|iPhone.ActiveCfg = AppStore|iPhone
		{ED0F5345-4602-4A98-8329-B1D7DD750D1C}.AppStore|iPhone.Build.0 = AppStore|iPhone
		{ED0F5345-4602-4A98-8329-B1D7DD750D1C}.AppStore|iPhone.Deploy.0 = AppStore|iPhone
		{ED0F5345-4602-4A98-8329-B1D7DD750D1C}.AppStore|iPhoneSimulator.ActiveCfg = AppStore|iPhoneSimulator
		{ED0F5345-4602-4A98-8329-B1D7DD750D1C}.AppStore|iPhoneSimulator.Build.0 = AppStore|iPhoneSimulator
		{ED0F5345-4602-4A98-8329-B1D7DD750D1C}.AppStore|iPhoneSimulator.Deploy.0 = AppStore|iPhoneSimulator
		{ED0F5345-4602-4A98-8329-B1D7DD750D1C}.Debug|Any CPU.ActiveCfg = Debug|iPhoneSimulator
		{ED0F5345-4602-4A98-8329-B1D7DD750D1C}.Debug|Any CPU.Build.0 = Debug|iPhoneSimulator
		{ED0F5345-4602-4A98-8329-B1D7DD750D1C}.Debug|Any CPU.Deploy.0 = Debug|iPhoneSimulator
		{ED0F5345-4602-4A98-8329-B1D7DD750D1C}.Debug|iPhone.ActiveCfg = Debug|iPhone
		{ED0F5345-4602-4A98-8329-B1D7DD750D1C}.Debug|iPhone.Build.0 = Debug|iPhone
		{ED0F5345-4602-4A98-8329-B1D7DD750D1C}.Debug|iPhone.Deploy.0 = Debug|iPhone
		{ED0F5345-4602-4A98-8329-B1D7DD750D1C}.Debug|iPhoneSimulator.ActiveCfg = Debug|iPhoneSimulator
		{ED0F5345-4602-4A98-8329-B1D7DD750D1C}.Debug|iPhoneSimulator.Build.0 = Debug|iPhoneSimulator
		{ED0F5345-4602-4A98-8329-B1D7DD750D1C}.Debug|iPhoneSimulator.Deploy.0 = Debug|iPhoneSimulator
		{ED0F5345-4602-4A98-8329-B1D7DD750D1C}.Release|Any CPU.ActiveCfg = Release|iPhone
		{ED0F5345-4602-4A98-8329-B1D7DD750D1C}.Release|Any CPU.Build.0 = Release|iPhone
		{ED0F5345-4602-4A98-8329-B1D7DD750D1C}.Release|Any CPU.Deploy.0 = Release|iPhone
		{ED0F5345-4602-4A98-8329-B1D7DD750D1C}.Release|iPhone.ActiveCfg = Release|iPhone
		{ED0F5345-4602-4A98-8329-B1D7DD750D1C}.Release|iPhone.Build.0 = Release|iPhone
		{ED0F5345-4602-4A98-8329-B1D7DD750D1C}.Release|iPhone.Deploy.0 = Release|iPhone
		{ED0F5345-4602-4A98-8329-B1D7DD750D1C}.Release|iPhoneSimulator.ActiveCfg = Release|iPhoneSimulator
		{ED0F5345-4602-4A98-8329-B1D7DD750D1C}.Release|iPhoneSimulator.Build.0 = Release|iPhoneSimulator
		{ED0F5345-4602-4A98-8329-B1D7DD750D1C}.Release|iPhoneSimulator.Deploy.0 = Release|iPhoneSimulator
		{DE882D9F-6639-42B1-A8A1-02221640984D}.Ad-Hoc|Any CPU.ActiveCfg = Debug|Any CPU
		{DE882D9F-6639-42B1-A8A1-02221640984D}.Ad-Hoc|Any CPU.Build.0 = Debug|Any CPU
		{DE882D9F-6639-42B1-A8A1-02221640984D}.Ad-Hoc|Any CPU.Deploy.0 = Debug|Any CPU
		{DE882D9F-6639-42B1-A8A1-02221640984D}.Ad-Hoc|iPhone.ActiveCfg = Debug|Any CPU
		{DE882D9F-6639-42B1-A8A1-02221640984D}.Ad-Hoc|iPhone.Build.0 = Debug|Any CPU
		{DE882D9F-6639-42B1-A8A1-02221640984D}.Ad-Hoc|iPhone.Deploy.0 = Debug|Any CPU
		{DE882D9F-6639-42B1-A8A1-02221640984D}.Ad-Hoc|iPhoneSimulator.ActiveCfg = Debug|Any CPU
		{DE882D9F-6639-42B1-A8A1-02221640984D}.Ad-Hoc|iPhoneSimulator.Build.0 = Debug|Any CPU
		{DE882D9F-6639-42B1-A8A1-02221640984D}.Ad-Hoc|iPhoneSimulator.Deploy.0 = Debug|Any CPU
		{DE882D9F-6639-42B1-A8A1-02221640984D}.AppStore|Any CPU.ActiveCfg = Debug|Any CPU
		{DE882D9F-6639-42B1-A8A1-02221640984D}.AppStore|Any CPU.Build.0 = Debug|Any CPU
		{DE882D9F-6639-42B1-A8A1-02221640984D}.AppStore|Any CPU.Deploy.0 = Debug|Any CPU
		{DE882D9F-6639-42B1-A8A1-02221640984D}.AppStore|iPhone.ActiveCfg = Debug|Any CPU
		{DE882D9F-6639-42B1-A8A1-02221640984D}.AppStore|iPhone.Build.0 = Debug|Any CPU
		{DE882D9F-6639-42B1-A8A1-02221640984D}.AppStore|iPhone.Deploy.0 = Debug|Any CPU
		{DE882D9F-6639-42B1-A8A1-02221640984D}.AppStore|iPhoneSimulator.ActiveCfg = Debug|Any CPU
		{DE882D9F-6639-42B1-A8A1-02221640984D}.AppStore|iPhoneSimulator.Build.0 = Debug|Any CPU
		{DE882D9F-6639-42B1-A8A1-02221640984D}.AppStore|iPhoneSimulator.Deploy.0 = Debug|Any CPU
		{DE882D9F-6639-42B1-A8A1-02221640984D}.Debug|Any CPU.ActiveCfg = Debug|Any CPU
		{DE882D9F-6639-42B1-A8A1-02221640984D}.Debug|Any CPU.Build.0 = Debug|Any CPU
		{DE882D9F-6639-42B1-A8A1-02221640984D}.Debug|Any CPU.Deploy.0 = Debug|Any CPU
		{DE882D9F-6639-42B1-A8A1-02221640984D}.Debug|iPhone.ActiveCfg = Debug|Any CPU
		{DE882D9F-6639-42B1-A8A1-02221640984D}.Debug|iPhone.Build.0 = Debug|Any CPU
		{DE882D9F-6639-42B1-A8A1-02221640984D}.Debug|iPhone.Deploy.0 = Debug|Any CPU
		{DE882D9F-6639-42B1-A8A1-02221640984D}.Debug|iPhoneSimulator.ActiveCfg = Debug|Any CPU
		{DE882D9F-6639-42B1-A8A1-02221640984D}.Debug|iPhoneSimulator.Build.0 = Debug|Any CPU
		{DE882D9F-6639-42B1-A8A1-02221640984D}.Debug|iPhoneSimulator.Deploy.0 = Debug|Any CPU
		{DE882D9F-6639-42B1-A8A1-02221640984D}.Release|Any CPU.ActiveCfg = Release|Any CPU
		{DE882D9F-6639-42B1-A8A1-02221640984D}.Release|Any CPU.Build.0 = Release|Any CPU
		{DE882D9F-6639-42B1-A8A1-02221640984D}.Release|Any CPU.Deploy.0 = Release|Any CPU
		{DE882D9F-6639-42B1-A8A1-02221640984D}.Release|iPhone.ActiveCfg = Release|Any CPU
		{DE882D9F-6639-42B1-A8A1-02221640984D}.Release|iPhone.Build.0 = Release|Any CPU
		{DE882D9F-6639-42B1-A8A1-02221640984D}.Release|iPhone.Deploy.0 = Release|Any CPU
		{DE882D9F-6639-42B1-A8A1-02221640984D}.Release|iPhoneSimulator.ActiveCfg = Release|Any CPU
		{DE882D9F-6639-42B1-A8A1-02221640984D}.Release|iPhoneSimulator.Build.0 = Release|Any CPU
		{DE882D9F-6639-42B1-A8A1-02221640984D}.Release|iPhoneSimulator.Deploy.0 = Release|Any CPU
	EndGlobalSection
	GlobalSection(SolutionProperties) = preSolution
		HideSolutionNode = FALSE
	EndGlobalSection
	GlobalSection(ExtensibilityGlobals) = postSolution
		SolutionGuid = {8FB9BE00-7079-4659-92C0-2AD6C515173B}
	EndGlobalSection
EndGlobal
